<?xml version="1.0" encoding="utf-8"?>
<Project ToolsVersion="4.0" xmlns="http://schemas.microsoft.com/developer/msbuild/2003">
  <ItemGroup>
    <Filter Include="Mist">
      <UniqueIdentifier>{A216897C-8E4D-8A0D-373A-70102350060F}</UniqueIdentifier>
    </Filter>
    <Filter Include="Mist\Events">
      <UniqueIdentifier>{46B8D2DD-B26D-4BD3-3B62-45AAA71642D7}</UniqueIdentifier>
    </Filter>
    <Filter Include="Mist\Platform">
      <UniqueIdentifier>{36E97FB9-A2A9-FBEF-6BE4-446DD76340CC}</UniqueIdentifier>
    </Filter>
    <Filter Include="Mist\Platform\Windows">
      <UniqueIdentifier>{7069A623-DCD5-611E-A5C9-F97B11F58386}</UniqueIdentifier>
    </Filter>
  </ItemGroup>
  <ItemGroup>
    <ClInclude Include="src\Mist.h" />
    <ClInclude Include="src\Mist\Application.h">
      <Filter>Mist</Filter>
    </ClInclude>
    <ClInclude Include="src\Mist\Core.h">
      <Filter>Mist</Filter>
    </ClInclude>
    <ClInclude Include="src\Mist\EntryPoint.h">
      <Filter>Mist</Filter>
    </ClInclude>
    <ClInclude Include="src\Mist\Events\ApplicationEvent.h">
      <Filter>Mist\Events</Filter>
    </ClInclude>
    <ClInclude Include="src\Mist\Events\Event.h">
      <Filter>Mist\Events</Filter>
    </ClInclude>
    <ClInclude Include="src\Mist\Events\KeyEvent.h">
      <Filter>Mist\Events</Filter>
    </ClInclude>
    <ClInclude Include="src\Mist\Events\MouseEvent.h">
      <Filter>Mist\Events</Filter>
    </ClInclude>
    <ClInclude Include="src\Mist\Layer.h">
      <Filter>Mist</Filter>
    </ClInclude>
    <ClInclude Include="src\Mist\LayerStack.h">
      <Filter>Mist</Filter>
    </ClInclude>
    <ClInclude Include="src\Mist\Log.h">
      <Filter>Mist</Filter>
    </ClInclude>
    <ClInclude Include="src\Mist\Platform\Windows\WindowsWindow.h">
      <Filter>Mist\Platform\Windows</Filter>
    </ClInclude>
    <ClInclude Include="src\Mist\Window.h">
      <Filter>Mist</Filter>
    </ClInclude>
    <ClInclude Include="src\mstpch.h" />
  </ItemGroup>
  <ItemGroup>
    <ClCompile Include="src\Mist\Application.cpp">
      <Filter>Mist</Filter>
    </ClCompile>
    <ClCompile Include="src\Mist\Layer.cpp">
      <Filter>Mist</Filter>
    </ClCompile>
    <ClCompile Include="src\Mist\LayerStack.cpp">
      <Filter>Mist</Filter>
    </ClCompile>
    <ClCompile Include="src\Mist\Log.cpp">
      <Filter>Mist</Filter>
    </ClCompile>
    <ClCompile Include="src\Mist\Platform\Windows\WindowsWindow.cpp">
      <Filter>Mist\Platform\Windows</Filter>
    </ClCompile>
    <ClCompile Include="src\mstpch.cpp" />
  </ItemGroup>
</Project>